
Microsoft Visual Studio Solution File, Format Version 12.00
# Visual Studio Version 17
VisualStudioVersion = 17.14.36511.14 d17.14
MinimumVisualStudioVersion = 10.0.40219.1
Project("{FAE04EC0-301F-11D3-BF4B-00C04F79EFBC}") = "uwu", "uwu\uwu.csproj", "{6980C58A-9130-4689-AAE3-A7DA9DD1BDA3}"
EndProject
Global
	GlobalSection(SolutionConfigurationPlatforms) = preSolution
		Debug|Any CPU = Debug|Any CPU
		Release|Any CPU = Release|Any CPU
	EndGlobalSection
	GlobalSection(ProjectConfigurationPlatforms) = postSolution
		{6980C58A-9130-4689-AAE3-A7DA9DD1BDA3}.Debug|Any CPU.ActiveCfg = Debug|Any CPU
		{6980C58A-9130-4689-AAE3-A7DA9DD1BDA3}.Debug|Any CPU.Build.0 = Debug|Any CPU
		{6980C58A-9130-4689-AAE3-A7DA9DD1BDA3}.Release|Any CPU.ActiveCfg = Release|Any CPU
		{6980C58A-9130-4689-AAE3-A7DA9DD1BDA3}.Release|Any CPU.Build.0 = Release|Any CPU
	EndGlobalSection
	GlobalSection(SolutionProperties) = preSolution
		HideSolutionNode = FALSE
	EndGlobalSection
	GlobalSection(ExtensibilityGlobals) = postSolution
		SolutionGuid = {2078F08A-59D8-4F68-B1DA-08A4F5CE050C}
	EndGlobalSection
EndGlobal
